
Microsoft Visual Studio Solution File, Format Version 12.00
# Visual Studio Version 16
VisualStudioVersion = 16.0.29609.76
MinimumVisualStudioVersion = 10.0.40219.1
Project("{FAE04EC0-301F-11D3-BF4B-00C04F79EFBC}") = "DeconstructorModSE", "DeconstructorModSE\DeconstructorModSE.csproj", "{B0056CE0-B1B7-4CCA-8852-BF9D276EA167}"
EndProject
Global
	GlobalSection(SolutionConfigurationPlatforms) = preSolution
		Debug|Any CPU = Debug|Any CPU
		Debug|x64 = Debug|x64
		Release|Any CPU = Release|Any CPU
		Release|x64 = Release|x64
	EndGlobalSection
	GlobalSection(ProjectConfigurationPlatforms) = postSolution
		{B0056CE0-B1B7-4CCA-8852-BF9D276EA167}.Debug|Any CPU.ActiveCfg = Debug|Any CPU
		{B0056CE0-B1B7-4CCA-8852-BF9D276EA167}.Debug|Any CPU.Build.0 = Debug|Any CPU
		{B0056CE0-B1B7-4CCA-8852-BF9D276EA167}.Debug|x64.ActiveCfg = Debug|x64
		{B0056CE0-B1B7-4CCA-8852-BF9D276EA167}.Debug|x64.Build.0 = Debug|x64
		{B0056CE0-B1B7-4CCA-8852-BF9D276EA167}.Release|Any CPU.ActiveCfg = Release|Any CPU
		{B0056CE0-B1B7-4CCA-8852-BF9D276EA167}.Release|Any CPU.Build.0 = Release|Any CPU
		{B0056CE0-B1B7-4CCA-8852-BF9D276EA167}.Release|x64.ActiveCfg = Release|x64
		{B0056CE0-B1B7-4CCA-8852-BF9D276EA167}.Release|x64.Build.0 = Release|x64
	EndGlobalSection
	GlobalSection(SolutionProperties) = preSolution
		HideSolutionNode = FALSE
	EndGlobalSection
	GlobalSection(ExtensibilityGlobals) = postSolution
		SolutionGuid = {23254E3E-F335-4AA8-95EE-ED1458568D70}
	EndGlobalSection
EndGlobal
